
Microsoft Visual Studio Solution File, Format Version 12.00
# Visual Studio Version 16
VisualStudioVersion = 16.0.29926.136
MinimumVisualStudioVersion = 10.0.40219.1
Project("{FAE04EC0-301F-11D3-BF4B-00C04F79EFBC}") = "RobofestApp.Android", "RobofestApp\RobofestApp.Android\RobofestApp.Android.csproj", "{3F663A5A-F5B7-412C-9547-A510CE34F084}"
EndProject
Project("{FAE04EC0-301F-11D3-BF4B-00C04F79EFBC}") = "RobofestApp.iOS", "RobofestApp\RobofestApp.iOS\RobofestApp.iOS.csproj", "{11998257-6177-4C34-A143-6332CF51EDE0}"
EndProject
Project("{FAE04EC0-301F-11D3-BF4B-00C04F79EFBC}") = "RobofestApp", "RobofestApp\RobofestApp\RobofestApp.csproj", "{2AEE40A0-AB73-44D4-8214-5C4A25B2058D}"
EndProject
Global
	GlobalSection(SolutionConfigurationPlatforms) = preSolution
		Debug|Any CPU = Debug|Any CPU
		Debug|iPhone = Debug|iPhone
		Debug|iPhoneSimulator = Debug|iPhoneSimulator
		Release|Any CPU = Release|Any CPU
		Release|iPhone = Release|iPhone
		Release|iPhoneSimulator = Release|iPhoneSimulator
	EndGlobalSection
	GlobalSection(ProjectConfigurationPlatforms) = postSolution
		{3F663A5A-F5B7-412C-9547-A510CE34F084}.Debug|Any CPU.ActiveCfg = Debug|Any CPU
		{3F663A5A-F5B7-412C-9547-A510CE34F084}.Debug|Any CPU.Build.0 = Debug|Any CPU
		{3F663A5A-F5B7-412C-9547-A510CE34F084}.Debug|Any CPU.Deploy.0 = Debug|Any CPU
		{3F663A5A-F5B7-412C-9547-A510CE34F084}.Debug|iPhone.ActiveCfg = Debug|Any CPU
		{3F663A5A-F5B7-412C-9547-A510CE34F084}.Debug|iPhone.Build.0 = Debug|Any CPU
		{3F663A5A-F5B7-412C-9547-A510CE34F084}.Debug|iPhone.Deploy.0 = Debug|Any CPU
		{3F663A5A-F5B7-412C-9547-A510CE34F084}.Debug|iPhoneSimulator.ActiveCfg = Debug|Any CPU
		{3F663A5A-F5B7-412C-9547-A510CE34F084}.Debug|iPhoneSimulator.Build.0 = Debug|Any CPU
		{3F663A5A-F5B7-412C-9547-A510CE34F084}.Debug|iPhoneSimulator.Deploy.0 = Debug|Any CPU
		{3F663A5A-F5B7-412C-9547-A510CE34F084}.Release|Any CPU.ActiveCfg = Release|Any CPU
		{3F663A5A-F5B7-412C-9547-A510CE34F084}.Release|Any CPU.Build.0 = Release|Any CPU
		{3F663A5A-F5B7-412C-9547-A510CE34F084}.Release|Any CPU.Deploy.0 = Release|Any CPU
		{3F663A5A-F5B7-412C-9547-A510CE34F084}.Release|iPhone.ActiveCfg = Release|Any CPU
		{3F663A5A-F5B7-412C-9547-A510CE34F084}.Release|iPhone.Build.0 = Release|Any CPU
		{3F663A5A-F5B7-412C-9547-A510CE34F084}.Release|iPhone.Deploy.0 = Release|Any CPU
		{3F663A5A-F5B7-412C-9547-A510CE34F084}.Release|iPhoneSimulator.ActiveCfg = Release|Any CPU
		{3F663A5A-F5B7-412C-9547-A510CE34F084}.Release|iPhoneSimulator.Build.0 = Release|Any CPU
		{3F663A5A-F5B7-412C-9547-A510CE34F084}.Release|iPhoneSimulator.Deploy.0 = Release|Any CPU
		{11998257-6177-4C34-A143-6332CF51EDE0}.Debug|Any CPU.ActiveCfg = Debug|iPhone
		{11998257-6177-4C34-A143-6332CF51EDE0}.Debug|Any CPU.Build.0 = Debug|iPhone
		{11998257-6177-4C34-A143-6332CF51EDE0}.Debug|Any CPU.Deploy.0 = Debug|iPhone
		{11998257-6177-4C34-A143-6332CF51EDE0}.Debug|iPhone.ActiveCfg = Debug|iPhoneSimulator
		{11998257-6177-4C34-A143-6332CF51EDE0}.Debug|iPhone.Build.0 = Debug|iPhoneSimulator
		{11998257-6177-4C34-A143-6332CF51EDE0}.Debug|iPhone.Deploy.0 = Debug|iPhoneSimulator
		{11998257-6177-4C34-A143-6332CF51EDE0}.Debug|iPhoneSimulator.ActiveCfg = Debug|iPhoneSimulator
		{11998257-6177-4C34-A143-6332CF51EDE0}.Debug|iPhoneSimulator.Build.0 = Debug|iPhoneSimulator
		{11998257-6177-4C34-A143-6332CF51EDE0}.Debug|iPhoneSimulator.Deploy.0 = Debug|iPhoneSimulator
		{11998257-6177-4C34-A143-6332CF51EDE0}.Release|Any CPU.ActiveCfg = Release|iPhone
		{11998257-6177-4C34-A143-6332CF51EDE0}.Release|Any CPU.Build.0 = Release|iPhone
		{11998257-6177-4C34-A143-6332CF51EDE0}.Release|Any CPU.Deploy.0 = Release|iPhone
		{11998257-6177-4C34-A143-6332CF51EDE0}.Release|iPhone.ActiveCfg = Release|iPhone
		{11998257-6177-4C34-A143-6332CF51EDE0}.Release|iPhone.Build.0 = Release|iPhone
		{11998257-6177-4C34-A143-6332CF51EDE0}.Release|iPhone.Deploy.0 = Release|iPhone
		{11998257-6177-4C34-A143-6332CF51EDE0}.Release|iPhoneSimulator.ActiveCfg = Release|iPhoneSimulator
		{11998257-6177-4C34-A143-6332CF51EDE0}.Release|iPhoneSimulator.Build.0 = Release|iPhoneSimulator
		{11998257-6177-4C34-A143-6332CF51EDE0}.Release|iPhoneSimulator.Deploy.0 = Release|iPhoneSimulator
		{2AEE40A0-AB73-44D4-8214-5C4A25B2058D}.Debug|Any CPU.ActiveCfg = Debug|Any CPU
		{2AEE40A0-AB73-44D4-8214-5C4A25B2058D}.Debug|Any CPU.Build.0 = Debug|Any CPU
		{2AEE40A0-AB73-44D4-8214-5C4A25B2058D}.Debug|Any CPU.Deploy.0 = Debug|Any CPU
		{2AEE40A0-AB73-44D4-8214-5C4A25B2058D}.Debug|iPhone.ActiveCfg = Debug|Any CPU
		{2AEE40A0-AB73-44D4-8214-5C4A25B2058D}.Debug|iPhone.Build.0 = Debug|Any CPU
		{2AEE40A0-AB73-44D4-8214-5C4A25B2058D}.Debug|iPhone.Deploy.0 = Debug|Any CPU
		{2AEE40A0-AB73-44D4-8214-5C4A25B2058D}.Debug|iPhoneSimulator.ActiveCfg = Debug|Any CPU
		{2AEE40A0-AB73-44D4-8214-5C4A25B2058D}.Debug|iPhoneSimulator.Build.0 = Debug|Any CPU
		{2AEE40A0-AB73-44D4-8214-5C4A25B2058D}.Debug|iPhoneSimulator.Deploy.0 = Debug|Any CPU
		{2AEE40A0-AB73-44D4-8214-5C4A25B2058D}.Release|Any CPU.ActiveCfg = Release|Any CPU
		{2AEE40A0-AB73-44D4-8214-5C4A25B2058D}.Release|Any CPU.Build.0 = Release|Any CPU
		{2AEE40A0-AB73-44D4-8214-5C4A25B2058D}.Release|Any CPU.Deploy.0 = Release|Any CPU
		{2AEE40A0-AB73-44D4-8214-5C4A25B2058D}.Release|iPhone.ActiveCfg = Release|Any CPU
		{2AEE40A0-AB73-44D4-8214-5C4A25B2058D}.Release|iPhone.Build.0 = Release|Any CPU
		{2AEE40A0-AB73-44D4-8214-5C4A25B2058D}.Release|iPhone.Deploy.0 = Release|Any CPU
		{2AEE40A0-AB73-44D4-8214-5C4A25B2058D}.Release|iPhoneSimulator.ActiveCfg = Release|Any CPU
		{2AEE40A0-AB73-44D4-8214-5C4A25B2058D}.Release|iPhoneSimulator.Build.0 = Release|Any CPU
		{2AEE40A0-AB73-44D4-8214-5C4A25B2058D}.Release|iPhoneSimulator.Deploy.0 = Release|Any CPU
	EndGlobalSection
	GlobalSection(SolutionProperties) = preSolution
		HideSolutionNode = FALSE
	EndGlobalSection
	GlobalSection(ExtensibilityGlobals) = postSolution
		SolutionGuid = {55961C68-7B67-4247-A7AC-80D2321883A4}
	EndGlobalSection
EndGlobal
